
Microsoft Visual Studio Solution File, Format Version 12.00
# Visual Studio Version 16
VisualStudioVersion = 16.0.31702.278
MinimumVisualStudioVersion = 10.0.40219.1
Project("{FAE04EC0-301F-11D3-BF4B-00C04F79EFBC}") = "CS155Homework11Vehicle", "CS155Homework11Vehicle\CS155Homework11Vehicle.csproj", "{B22DE36B-C2D7-4084-9358-07E7D1F914EA}"
EndProject
Global
	GlobalSection(SolutionConfigurationPlatforms) = preSolution
		Debug|Any CPU = Debug|Any CPU
		Release|Any CPU = Release|Any CPU
	EndGlobalSection
	GlobalSection(ProjectConfigurationPlatforms) = postSolution
		{B22DE36B-C2D7-4084-9358-07E7D1F914EA}.Debug|Any CPU.ActiveCfg = Debug|Any CPU
		{B22DE36B-C2D7-4084-9358-07E7D1F914EA}.Debug|Any CPU.Build.0 = Debug|Any CPU
		{B22DE36B-C2D7-4084-9358-07E7D1F914EA}.Release|Any CPU.ActiveCfg = Release|Any CPU
		{B22DE36B-C2D7-4084-9358-07E7D1F914EA}.Release|Any CPU.Build.0 = Release|Any CPU
	EndGlobalSection
	GlobalSection(SolutionProperties) = preSolution
		HideSolutionNode = FALSE
	EndGlobalSection
	GlobalSection(ExtensibilityGlobals) = postSolution
		SolutionGuid = {08199A7F-1FD1-45EA-A26D-7EF31421FD6D}
	EndGlobalSection
EndGlobal
